
Microsoft Visual Studio Solution File, Format Version 12.00
# Visual Studio Version 17
VisualStudioVersion = 17.0.32112.339
MinimumVisualStudioVersion = 10.0.40219.1
Project("{FAE04EC0-301F-11D3-BF4B-00C04F79EFBC}") = "WebApplication1", "WebApplication1\WebApplication1.csproj", "{DBFC880E-4B4B-4D73-83AD-25EC72C3FA11}"
EndProject
Global
	GlobalSection(SolutionConfigurationPlatforms) = preSolution
		Debug|Any CPU = Debug|Any CPU
		Release|Any CPU = Release|Any CPU
	EndGlobalSection
	GlobalSection(ProjectConfigurationPlatforms) = postSolution
		{DBFC880E-4B4B-4D73-83AD-25EC72C3FA11}.Debug|Any CPU.ActiveCfg = Debug|Any CPU
		{DBFC880E-4B4B-4D73-83AD-25EC72C3FA11}.Debug|Any CPU.Build.0 = Debug|Any CPU
		{DBFC880E-4B4B-4D73-83AD-25EC72C3FA11}.Release|Any CPU.ActiveCfg = Release|Any CPU
		{DBFC880E-4B4B-4D73-83AD-25EC72C3FA11}.Release|Any CPU.Build.0 = Release|Any CPU
	EndGlobalSection
	GlobalSection(SolutionProperties) = preSolution
		HideSolutionNode = FALSE
	EndGlobalSection
	GlobalSection(ExtensibilityGlobals) = postSolution
		SolutionGuid = {F59B9212-3E8F-41D7-9FFD-C629E53C372B}
	EndGlobalSection
EndGlobal
