
Microsoft Visual Studio Solution File, Format Version 12.00
# Visual Studio Version 17
VisualStudioVersion = 17.0.32112.339
MinimumVisualStudioVersion = 10.0.40219.1
Project("{FAE04EC0-301F-11D3-BF4B-00C04F79EFBC}") = "API2SQLSERVER", "API2SQLSERVER\API2SQLSERVER.csproj", "{CAA28DAD-9416-4A6F-B780-EE2E8A5F01D7}"
EndProject
Global
	GlobalSection(SolutionConfigurationPlatforms) = preSolution
		Debug|Any CPU = Debug|Any CPU
		Release|Any CPU = Release|Any CPU
	EndGlobalSection
	GlobalSection(ProjectConfigurationPlatforms) = postSolution
		{CAA28DAD-9416-4A6F-B780-EE2E8A5F01D7}.Debug|Any CPU.ActiveCfg = Debug|Any CPU
		{CAA28DAD-9416-4A6F-B780-EE2E8A5F01D7}.Debug|Any CPU.Build.0 = Debug|Any CPU
		{CAA28DAD-9416-4A6F-B780-EE2E8A5F01D7}.Release|Any CPU.ActiveCfg = Release|Any CPU
		{CAA28DAD-9416-4A6F-B780-EE2E8A5F01D7}.Release|Any CPU.Build.0 = Release|Any CPU
	EndGlobalSection
	GlobalSection(SolutionProperties) = preSolution
		HideSolutionNode = FALSE
	EndGlobalSection
	GlobalSection(ExtensibilityGlobals) = postSolution
		SolutionGuid = {96886464-4BED-4ED0-94B9-173576BF1244}
	EndGlobalSection
EndGlobal
